
Microsoft Visual Studio Solution File, Format Version 12.00
# Visual Studio Version 16
VisualStudioVersion = 16.0.30114.105
MinimumVisualStudioVersion = 10.0.40219.1
Project("{FAE04EC0-301F-11D3-BF4B-00C04F79EFBC}") = "GUI", "GUI\GUI.csproj", "{9589BBF7-0539-40F5-A5A5-760C1A5DDDFF}"
EndProject
Project("{FAE04EC0-301F-11D3-BF4B-00C04F79EFBC}") = "Logic", "Logic\Logic.csproj", "{D16CF475-96E9-4038-A527-6F2ED354806F}"
EndProject
Project("{FAE04EC0-301F-11D3-BF4B-00C04F79EFBC}") = "Manual_testing", "Manual_testing\Manual_testing.csproj", "{4832B403-35FC-4495-AE34-61FFD8FA7AB3}"
EndProject
Global
	GlobalSection(SolutionConfigurationPlatforms) = preSolution
		Debug|Any CPU = Debug|Any CPU
		Debug|x64 = Debug|x64
		Debug|x86 = Debug|x86
		Release|Any CPU = Release|Any CPU
		Release|x64 = Release|x64
		Release|x86 = Release|x86
	EndGlobalSection
	GlobalSection(ProjectConfigurationPlatforms) = postSolution
		{9589BBF7-0539-40F5-A5A5-760C1A5DDDFF}.Debug|Any CPU.ActiveCfg = Debug|Any CPU
		{9589BBF7-0539-40F5-A5A5-760C1A5DDDFF}.Debug|Any CPU.Build.0 = Debug|Any CPU
		{9589BBF7-0539-40F5-A5A5-760C1A5DDDFF}.Debug|x64.ActiveCfg = Debug|Any CPU
		{9589BBF7-0539-40F5-A5A5-760C1A5DDDFF}.Debug|x64.Build.0 = Debug|Any CPU
		{9589BBF7-0539-40F5-A5A5-760C1A5DDDFF}.Debug|x86.ActiveCfg = Debug|Any CPU
		{9589BBF7-0539-40F5-A5A5-760C1A5DDDFF}.Debug|x86.Build.0 = Debug|Any CPU
		{9589BBF7-0539-40F5-A5A5-760C1A5DDDFF}.Release|Any CPU.ActiveCfg = Release|Any CPU
		{9589BBF7-0539-40F5-A5A5-760C1A5DDDFF}.Release|Any CPU.Build.0 = Release|Any CPU
		{9589BBF7-0539-40F5-A5A5-760C1A5DDDFF}.Release|x64.ActiveCfg = Release|Any CPU
		{9589BBF7-0539-40F5-A5A5-760C1A5DDDFF}.Release|x64.Build.0 = Release|Any CPU
		{9589BBF7-0539-40F5-A5A5-760C1A5DDDFF}.Release|x86.ActiveCfg = Release|Any CPU
		{9589BBF7-0539-40F5-A5A5-760C1A5DDDFF}.Release|x86.Build.0 = Release|Any CPU
		{D16CF475-96E9-4038-A527-6F2ED354806F}.Debug|Any CPU.ActiveCfg = Debug|Any CPU
		{D16CF475-96E9-4038-A527-6F2ED354806F}.Debug|Any CPU.Build.0 = Debug|Any CPU
		{D16CF475-96E9-4038-A527-6F2ED354806F}.Debug|x64.ActiveCfg = Debug|Any CPU
		{D16CF475-96E9-4038-A527-6F2ED354806F}.Debug|x64.Build.0 = Debug|Any CPU
		{D16CF475-96E9-4038-A527-6F2ED354806F}.Debug|x86.ActiveCfg = Debug|Any CPU
		{D16CF475-96E9-4038-A527-6F2ED354806F}.Debug|x86.Build.0 = Debug|Any CPU
		{D16CF475-96E9-4038-A527-6F2ED354806F}.Release|Any CPU.ActiveCfg = Release|Any CPU
		{D16CF475-96E9-4038-A527-6F2ED354806F}.Release|Any CPU.Build.0 = Release|Any CPU
		{D16CF475-96E9-4038-A527-6F2ED354806F}.Release|x64.ActiveCfg = Release|Any CPU
		{D16CF475-96E9-4038-A527-6F2ED354806F}.Release|x64.Build.0 = Release|Any CPU
		{D16CF475-96E9-4038-A527-6F2ED354806F}.Release|x86.ActiveCfg = Release|Any CPU
		{D16CF475-96E9-4038-A527-6F2ED354806F}.Release|x86.Build.0 = Release|Any CPU
		{4832B403-35FC-4495-AE34-61FFD8FA7AB3}.Debug|Any CPU.ActiveCfg = Debug|Any CPU
		{4832B403-35FC-4495-AE34-61FFD8FA7AB3}.Debug|Any CPU.Build.0 = Debug|Any CPU
		{4832B403-35FC-4495-AE34-61FFD8FA7AB3}.Debug|x64.ActiveCfg = Debug|Any CPU
		{4832B403-35FC-4495-AE34-61FFD8FA7AB3}.Debug|x64.Build.0 = Debug|Any CPU
		{4832B403-35FC-4495-AE34-61FFD8FA7AB3}.Debug|x86.ActiveCfg = Debug|Any CPU
		{4832B403-35FC-4495-AE34-61FFD8FA7AB3}.Debug|x86.Build.0 = Debug|Any CPU
		{4832B403-35FC-4495-AE34-61FFD8FA7AB3}.Release|Any CPU.ActiveCfg = Release|Any CPU
		{4832B403-35FC-4495-AE34-61FFD8FA7AB3}.Release|Any CPU.Build.0 = Release|Any CPU
		{4832B403-35FC-4495-AE34-61FFD8FA7AB3}.Release|x64.ActiveCfg = Release|Any CPU
		{4832B403-35FC-4495-AE34-61FFD8FA7AB3}.Release|x64.Build.0 = Release|Any CPU
		{4832B403-35FC-4495-AE34-61FFD8FA7AB3}.Release|x86.ActiveCfg = Release|Any CPU
		{4832B403-35FC-4495-AE34-61FFD8FA7AB3}.Release|x86.Build.0 = Release|Any CPU
	EndGlobalSection
	GlobalSection(SolutionProperties) = preSolution
		HideSolutionNode = FALSE
	EndGlobalSection
	GlobalSection(ExtensibilityGlobals) = postSolution
		SolutionGuid = {46856BF3-7A8A-40DF-968D-82F8527BB2D0}
	EndGlobalSection
EndGlobal
